
Microsoft Visual Studio Solution File, Format Version 12.00
# Visual Studio Version 16
VisualStudioVersion = 16.0.29123.88
MinimumVisualStudioVersion = 10.0.40219.1
Project("{E24C65DC-7377-472B-9ABA-BC803B73C61A}") = "PublishedIMS", "Officer Key Configuration Import Job\PublishedIMS\", "{727DE3D3-6DFB-4347-80B0-4CFDD9FEFE5A}"
	ProjectSection(WebsiteProperties) = preProject
		TargetFrameworkMoniker = ".NETFramework,Version%3Dv4.5"
		Debug.AspNetCompiler.VirtualPath = "/localhost_56793"
		Debug.AspNetCompiler.PhysicalPath = "Officer Key Configuration Import Job\PublishedIMS\"
		Debug.AspNetCompiler.TargetPath = "PrecompiledWeb\localhost_56793\"
		Debug.AspNetCompiler.Updateable = "true"
		Debug.AspNetCompiler.ForceOverwrite = "true"
		Debug.AspNetCompiler.FixedNames = "false"
		Debug.AspNetCompiler.Debug = "True"
		Release.AspNetCompiler.VirtualPath = "/localhost_56793"
		Release.AspNetCompiler.PhysicalPath = "Officer Key Configuration Import Job\PublishedIMS\"
		Release.AspNetCompiler.TargetPath = "PrecompiledWeb\localhost_56793\"
		Release.AspNetCompiler.Updateable = "true"
		Release.AspNetCompiler.ForceOverwrite = "true"
		Release.AspNetCompiler.FixedNames = "false"
		Release.AspNetCompiler.Debug = "False"
		VWDPort = "56793"
		SlnRelativePath = "Officer Key Configuration Import Job\PublishedIMS\"
		DefaultWebSiteLanguage = "Visual Basic"
	EndProjectSection
EndProject
Project("{FAE04EC0-301F-11D3-BF4B-00C04F79EFBC}") = "_TestHarness", "Officer Key Configuration Import Job\_TestHarness\_TestHarness.csproj", "{F5CB300E-9BFF-438D-B3B4-69527B067435}"
EndProject
Project("{FAE04EC0-301F-11D3-BF4B-00C04F79EFBC}") = "ILCookOfficerKeyConfigImportJob", "Officer Key Configuration Import Job\FileJobTemplate\ILCookOfficerKeyConfigImportJob.csproj", "{2D53A8C7-F7FD-424C-8645-C495EEC4B247}"
EndProject
Global
	GlobalSection(SolutionConfigurationPlatforms) = preSolution
		Debug|Any CPU = Debug|Any CPU
		Release|Any CPU = Release|Any CPU
	EndGlobalSection
	GlobalSection(ProjectConfigurationPlatforms) = postSolution
		{727DE3D3-6DFB-4347-80B0-4CFDD9FEFE5A}.Debug|Any CPU.ActiveCfg = Debug|Any CPU
		{727DE3D3-6DFB-4347-80B0-4CFDD9FEFE5A}.Debug|Any CPU.Build.0 = Debug|Any CPU
		{727DE3D3-6DFB-4347-80B0-4CFDD9FEFE5A}.Release|Any CPU.ActiveCfg = Debug|Any CPU
		{727DE3D3-6DFB-4347-80B0-4CFDD9FEFE5A}.Release|Any CPU.Build.0 = Debug|Any CPU
		{F5CB300E-9BFF-438D-B3B4-69527B067435}.Debug|Any CPU.ActiveCfg = Debug|Any CPU
		{F5CB300E-9BFF-438D-B3B4-69527B067435}.Debug|Any CPU.Build.0 = Debug|Any CPU
		{F5CB300E-9BFF-438D-B3B4-69527B067435}.Release|Any CPU.ActiveCfg = Release|Any CPU
		{F5CB300E-9BFF-438D-B3B4-69527B067435}.Release|Any CPU.Build.0 = Release|Any CPU
		{2D53A8C7-F7FD-424C-8645-C495EEC4B247}.Debug|Any CPU.ActiveCfg = Debug|Any CPU
		{2D53A8C7-F7FD-424C-8645-C495EEC4B247}.Debug|Any CPU.Build.0 = Debug|Any CPU
		{2D53A8C7-F7FD-424C-8645-C495EEC4B247}.Release|Any CPU.ActiveCfg = Release|Any CPU
		{2D53A8C7-F7FD-424C-8645-C495EEC4B247}.Release|Any CPU.Build.0 = Release|Any CPU
	EndGlobalSection
	GlobalSection(SolutionProperties) = preSolution
		HideSolutionNode = FALSE
	EndGlobalSection
	GlobalSection(ExtensibilityGlobals) = postSolution
		SolutionGuid = {EA5C781B-C5D7-424B-87FD-937BBEEC4BB7}
	EndGlobalSection
EndGlobal
